
Microsoft Visual Studio Solution File, Format Version 12.00
# Visual Studio Version 17
VisualStudioVersion = 17.9.34728.123
MinimumVisualStudioVersion = 10.0.40219.1
Project("{FAE04EC0-301F-11D3-BF4B-00C04F79EFBC}") = "CS_Form", "CS_Form\CS_Form.csproj", "{301B490E-CF7C-4670-A753-7BB162F6D51E}"
EndProject
Global
	GlobalSection(SolutionConfigurationPlatforms) = preSolution
		Debug|Any CPU = Debug|Any CPU
		Release|Any CPU = Release|Any CPU
	EndGlobalSection
	GlobalSection(ProjectConfigurationPlatforms) = postSolution
		{301B490E-CF7C-4670-A753-7BB162F6D51E}.Debug|Any CPU.ActiveCfg = Debug|Any CPU
		{301B490E-CF7C-4670-A753-7BB162F6D51E}.Debug|Any CPU.Build.0 = Debug|Any CPU
		{301B490E-CF7C-4670-A753-7BB162F6D51E}.Release|Any CPU.ActiveCfg = Release|Any CPU
		{301B490E-CF7C-4670-A753-7BB162F6D51E}.Release|Any CPU.Build.0 = Release|Any CPU
	EndGlobalSection
	GlobalSection(SolutionProperties) = preSolution
		HideSolutionNode = FALSE
	EndGlobalSection
	GlobalSection(ExtensibilityGlobals) = postSolution
		SolutionGuid = {2525250E-2C19-48C0-9B1E-80E901A4FD39}
	EndGlobalSection
EndGlobal
